// !$*UTF8*$!
{
	archiveVersion = 1;
	classes = {
	};
	objectVersion = 77;
	objects = {

/* Begin PBXContainerItemProxy section */
		B03D03F02D9D3B88009672CA /* PBXContainerItemProxy */ = {
			isa = PBXContainerItemProxy;
			containerPortal = B03D03D72D9D3B87009672CA /* Project object */;
			proxyType = 1;
			remoteGlobalIDString = B03D03DE2D9D3B87009672CA;
			remoteInfo = "Streifeneder-draft";
		};
		B03D03FA2D9D3B88009672CA /* PBXContainerItemProxy */ = {
			isa = PBXContainerItemProxy;
			containerPortal = B03D03D72D9D3B87009672CA /* Project object */;
			proxyType = 1;
			remoteGlobalIDString = B03D03DE2D9D3B87009672CA;
			remoteInfo = "Streifeneder-draft";
		};
/* End PBXContainerItemProxy section */

/* Begin PBXFileReference section */
		B03D03DF2D9D3B87009672CA /* Streifeneder-draft.app */ = {isa = PBXFileReference; explicitFileType = wrapper.application; includeInIndex = 0; path = "Streifeneder-draft.app"; sourceTree = BUILT_PRODUCTS_DIR; };
		B03D03EF2D9D3B88009672CA /* Streifeneder-draftTests.xctest */ = {isa = PBXFileReference; explicitFileType = wrapper.cfbundle; includeInIndex = 0; path = "Streifeneder-draftTests.xctest"; sourceTree = BUILT_PRODUCTS_DIR; };
		B03D03F92D9D3B88009672CA /* Streifeneder-draftUITests.xctest */ = {isa = PBXFileReference; explicitFileType = wrapper.cfbundle; includeInIndex = 0; path = "Streifeneder-draftUITests.xctest"; sourceTree = BUILT_PRODUCTS_DIR; };
/* End PBXFileReference section */

/* Begin PBXFileSystemSynchronizedRootGroup section */
		B03D03E12D9D3B87009672CA /* Streifeneder-draft */ = {
			isa = PBXFileSystemSynchronizedRootGroup;
			path = "Streifeneder-draft";
			sourceTree = "<group>";
		};
		B03D03F22D9D3B88009672CA /* Streifeneder-draftTests */ = {
			isa = PBXFileSystemSynchronizedRootGroup;
			path = "Streifeneder-draftTests";
			sourceTree = "<group>";
		};
		B03D03FC2D9D3B88009672CA /* Streifeneder-draftUITests */ = {
			isa = PBXFileSystemSynchronizedRootGroup;
			path = "Streifeneder-draftUITests";
			sourceTree = "<group>";
		};
/* End PBXFileSystemSynchronizedRootGroup section */

/* Begin PBXFrameworksBuildPhase section */
		B03D03DC2D9D3B87009672CA /* Frameworks */ = {
			isa = PBXFrameworksBuildPhase;
			buildActionMask = 2147483647;
			files = (
			);
			runOnlyForDeploymentPostprocessing = 0;
		};
		B03D03EC2D9D3B88009672CA /* Frameworks */ = {
			isa = PBXFrameworksBuildPhase;
			buildActionMask = 2147483647;
			files = (
			);
			runOnlyForDeploymentPostprocessing = 0;
		};
		B03D03F62D9D3B88009672CA /* Frameworks */ = {
			isa = PBXFrameworksBuildPhase;
			buildActionMask = 2147483647;
			files = (
			);
			runOnlyForDeploymentPostprocessing = 0;
		};
/* End PBXFrameworksBuildPhase section */

/* Begin PBXGroup section */
		B03D03D62D9D3B87009672CA = {
			isa = PBXGroup;
			children = (
				B03D03E12D9D3B87009672CA /* Streifeneder-draft */,
				B03D03F22D9D3B88009672CA /* Streifeneder-draftTests */,
				B03D03FC2D9D3B88009672CA /* Streifeneder-draftUITests */,
				B03D03E02D9D3B87009672CA /* Products */,
			);
			sourceTree = "<group>";
		};
		B03D03E02D9D3B87009672CA /* Products */ = {
			isa = PBXGroup;
			children = (
				B03D03DF2D9D3B87009672CA /* Streifeneder-draft.app */,
				B03D03EF2D9D3B88009672CA /* Streifeneder-draftTests.xctest */,
				B03D03F92D9D3B88009672CA /* Streifeneder-draftUITests.xctest */,
			);
			name = Products;
			sourceTree = "<group>";
		};
/* End PBXGroup section */

/* Begin PBXNativeTarget section */
		B03D03DE2D9D3B87009672CA /* Streifeneder-draft */ = {
			isa = PBXNativeTarget;
			buildConfigurationList = B03D04032D9D3B88009672CA /* Build configuration list for PBXNativeTarget "Streifeneder-draft" */;
			buildPhases = (
				B03D03DB2D9D3B87009672CA /* Sources */,
				B03D03DC2D9D3B87009672CA /* Frameworks */,
				B03D03DD2D9D3B87009672CA /* Resources */,
			);
			buildRules = (
			);
			dependencies = (
			);
			fileSystemSynchronizedGroups = (
				B03D03E12D9D3B87009672CA /* Streifeneder-draft */,
			);
			name = "Streifeneder-draft";
			packageProductDependencies = (
			);
			productName = "Streifeneder-draft";
			productReference = B03D03DF2D9D3B87009672CA /* Streifeneder-draft.app */;
			productType = "com.apple.product-type.application";
		};
		B03D03EE2D9D3B88009672CA /* Streifeneder-draftTests */ = {
			isa = PBXNativeTarget;
			buildConfigurationList = B03D04062D9D3B88009672CA /* Build configuration list for PBXNativeTarget "Streifeneder-draftTests" */;
			buildPhases = (
				B03D03EB2D9D3B88009672CA /* Sources */,
				B03D03EC2D9D3B88009672CA /* Frameworks */,
				B03D03ED2D9D3B88009672CA /* Resources */,
			);
			buildRules = (
			);
			dependencies = (
				B03D03F12D9D3B88009672CA /* PBXTargetDependency */,
			);
			fileSystemSynchronizedGroups = (
				B03D03F22D9D3B88009672CA /* Streifeneder-draftTests */,
			);
			name = "Streifeneder-draftTests";
			packageProductDependencies = (
			);
			productName = "Streifeneder-draftTests";
			productReference = B03D03EF2D9D3B88009672CA /* Streifeneder-draftTests.xctest */;
			productType = "com.apple.product-type.bundle.unit-test";
		};
		B03D03F82D9D3B88009672CA /* Streifeneder-draftUITests */ = {
			isa = PBXNativeTarget;
			buildConfigurationList = B03D04092D9D3B88009672CA /* Build configuration list for PBXNativeTarget "Streifeneder-draftUITests" */;
			buildPhases = (
				B03D03F52D9D3B88009672CA /* Sources */,
				B03D03F62D9D3B88009672CA /* Frameworks */,
				B03D03F72D9D3B88009672CA /* Resources */,
			);
			buildRules = (
			);
			dependencies = (
				B03D03FB2D9D3B88009672CA /* PBXTargetDependency */,
			);
			fileSystemSynchronizedGroups = (
				B03D03FC2D9D3B88009672CA /* Streifeneder-draftUITests */,
			);
			name = "Streifeneder-draftUITests";
			packageProductDependencies = (
			);
			productName = "Streifeneder-draftUITests";
			productReference = B03D03F92D9D3B88009672CA /* Streifeneder-draftUITests.xctest */;
			productType = "com.apple.product-type.bundle.ui-testing";
		};
/* End PBXNativeTarget section */

/* Begin PBXProject section */
		B03D03D72D9D3B87009672CA /* Project object */ = {
			isa = PBXProject;
			attributes = {
				BuildIndependentTargetsInParallel = 1;
				LastSwiftUpdateCheck = 1600;
				LastUpgradeCheck = 1600;
				TargetAttributes = {
					B03D03DE2D9D3B87009672CA = {
						CreatedOnToolsVersion = 16.0;
					};
					B03D03EE2D9D3B88009672CA = {
						CreatedOnToolsVersion = 16.0;
						TestTargetID = B03D03DE2D9D3B87009672CA;
					};
					B03D03F82D9D3B88009672CA = {
						CreatedOnToolsVersion = 16.0;
						TestTargetID = B03D03DE2D9D3B87009672CA;
					};
				};
			};
			buildConfigurationList = B03D03DA2D9D3B87009672CA /* Build configuration list for PBXProject "Streifeneder-draft" */;
			developmentRegion = en;
			hasScannedForEncodings = 0;
			knownRegions = (
				en,
				Base,
			);
			mainGroup = B03D03D62D9D3B87009672CA;
			minimizedProjectReferenceProxies = 1;
			preferredProjectObjectVersion = 77;
			productRefGroup = B03D03E02D9D3B87009672CA /* Products */;
			projectDirPath = "";
			projectRoot = "";
			targets = (
				B03D03DE2D9D3B87009672CA /* Streifeneder-draft */,
				B03D03EE2D9D3B88009672CA /* Streifeneder-draftTests */,
				B03D03F82D9D3B88009672CA /* Streifeneder-draftUITests */,
			);
		};
/* End PBXProject section */

/* Begin PBXResourcesBuildPhase section */
		B03D03DD2D9D3B87009672CA /* Resources */ = {
			isa = PBXResourcesBuildPhase;
			buildActionMask = 2147483647;
			files = (
			);
			runOnlyForDeploymentPostprocessing = 0;
		};
		B03D03ED2D9D3B88009672CA /* Resources */ = {
			isa = PBXResourcesBuildPhase;
			buildActionMask = 2147483647;
			files = (
			);
			runOnlyForDeploymentPostprocessing = 0;
		};
		B03D03F72D9D3B88009672CA /* Resources */ = {
			isa = PBXResourcesBuildPhase;
			buildActionMask = 2147483647;
			files = (
			);
			runOnlyForDeploymentPostprocessing = 0;
		};
/* End PBXResourcesBuildPhase section */

/* Begin PBXSourcesBuildPhase section */
		B03D03DB2D9D3B87009672CA /* Sources */ = {
			isa = PBXSourcesBuildPhase;
			buildActionMask = 2147483647;
			files = (
			);
			runOnlyForDeploymentPostprocessing = 0;
		};
		B03D03EB2D9D3B88009672CA /* Sources */ = {
			isa = PBXSourcesBuildPhase;
			buildActionMask = 2147483647;
			files = (
			);
			runOnlyForDeploymentPostprocessing = 0;
		};
		B03D03F52D9D3B88009672CA /* Sources */ = {
			isa = PBXSourcesBuildPhase;
			buildActionMask = 2147483647;
			files = (
			);
			runOnlyForDeploymentPostprocessing = 0;
		};
/* End PBXSourcesBuildPhase section */

/* Begin PBXTargetDependency section */
		B03D03F12D9D3B88009672CA /* PBXTargetDependency */ = {
			isa = PBXTargetDependency;
			target = B03D03DE2D9D3B87009672CA /* Streifeneder-draft */;
			targetProxy = B03D03F02D9D3B88009672CA /* PBXContainerItemProxy */;
		};
		B03D03FB2D9D3B88009672CA /* PBXTargetDependency */ = {
			isa = PBXTargetDependency;
			target = B03D03DE2D9D3B87009672CA /* Streifeneder-draft */;
			targetProxy = B03D03FA2D9D3B88009672CA /* PBXContainerItemProxy */;
		};
/* End PBXTargetDependency section */

/* Begin XCBuildConfiguration section */
		B03D04012D9D3B88009672CA /* Debug */ = {
			isa = XCBuildConfiguration;
			buildSettings = {
				ALWAYS_SEARCH_USER_PATHS = NO;
				ASSETCATALOG_COMPILER_GENERATE_SWIFT_ASSET_SYMBOL_EXTENSIONS = YES;
				CLANG_ANALYZER_NONNULL = YES;
				CLANG_ANALYZER_NUMBER_OBJECT_CONVERSION = YES_AGGRESSIVE;
				CLANG_CXX_LANGUAGE_STANDARD = "gnu++20";
				CLANG_ENABLE_MODULES = YES;
				CLANG_ENABLE_OBJC_ARC = YES;
				CLANG_ENABLE_OBJC_WEAK = YES;
				CLANG_WARN_BLOCK_CAPTURE_AUTORELEASING = YES;
				CLANG_WARN_BOOL_CONVERSION = YES;
				CLANG_WARN_COMMA = YES;
				CLANG_WARN_CONSTANT_CONVERSION = YES;
				CLANG_WARN_DEPRECATED_OBJC_IMPLEMENTATIONS = YES;
				CLANG_WARN_DIRECT_OBJC_ISA_USAGE = YES_ERROR;
				CLANG_WARN_DOCUMENTATION_COMMENTS = YES;
				CLANG_WARN_EMPTY_BODY = YES;
				CLANG_WARN_ENUM_CONVERSION = YES;
				CLANG_WARN_INFINITE_RECURSION = YES;
				CLANG_WARN_INT_CONVERSION = YES;
				CLANG_WARN_NON_LITERAL_NULL_CONVERSION = YES;
				CLANG_WARN_OBJC_IMPLICIT_RETAIN_SELF = YES;
				CLANG_WARN_OBJC_LITERAL_CONVERSION = YES;
				CLANG_WARN_OBJC_ROOT_CLASS = YES_ERROR;
				CLANG_WARN_QUOTED_INCLUDE_IN_FRAMEWORK_HEADER = YES;
				CLANG_WARN_RANGE_LOOP_ANALYSIS = YES;
				CLANG_WARN_STRICT_PROTOTYPES = YES;
				CLANG_WARN_SUSPICIOUS_MOVE = YES;
				CLANG_WARN_UNGUARDED_AVAILABILITY = YES_AGGRESSIVE;
				CLANG_WARN_UNREACHABLE_CODE = YES;
				CLANG_WARN__DUPLICATE_METHOD_MATCH = YES;
				COPY_PHASE_STRIP = NO;
				DEBUG_INFORMATION_FORMAT = dwarf;
				ENABLE_STRICT_OBJC_MSGSEND = YES;
				ENABLE_TESTABILITY = YES;
				ENABLE_USER_SCRIPT_SANDBOXING = YES;
				GCC_C_LANGUAGE_STANDARD = gnu17;
				GCC_DYNAMIC_NO_PIC = NO;
				GCC_NO_COMMON_BLOCKS = YES;
				GCC_OPTIMIZATION_LEVEL = 0;
				GCC_PREPROCESSOR_DEFINITIONS = (
					"DEBUG=1",
					"$(inherited)",
				);
				GCC_WARN_64_TO_32_BIT_CONVERSION = YES;
				GCC_WARN_ABOUT_RETURN_TYPE = YES_ERROR;
				GCC_WARN_UNDECLARED_SELECTOR = YES;
				GCC_WARN_UNINITIALIZED_AUTOS = YES_AGGRESSIVE;
				GCC_WARN_UNUSED_FUNCTION = YES;
				GCC_WARN_UNUSED_VARIABLE = YES;
				IPHONEOS_DEPLOYMENT_TARGET = 18.0;
				LOCALIZATION_PREFERS_STRING_CATALOGS = YES;
				MTL_ENABLE_DEBUG_INFO = INCLUDE_SOURCE;
				MTL_FAST_MATH = YES;
				ONLY_ACTIVE_ARCH = YES;
				SDKROOT = iphoneos;
				SWIFT_ACTIVE_COMPILATION_CONDITIONS = "DEBUG $(inherited)";
				SWIFT_OPTIMIZATION_LEVEL = "-Onone";
			};
			name = Debug;
		};
		B03D04022D9D3B88009672CA /* Release */ = {
			isa = XCBuildConfiguration;
			buildSettings = {
				ALWAYS_SEARCH_USER_PATHS = NO;
				ASSETCATALOG_COMPILER_GENERATE_SWIFT_ASSET_SYMBOL_EXTENSIONS = YES;
				CLANG_ANALYZER_NONNULL = YES;
				CLANG_ANALYZER_NUMBER_OBJECT_CONVERSION = YES_AGGRESSIVE;
				CLANG_CXX_LANGUAGE_STANDARD = "gnu++20";
				CLANG_ENABLE_MODULES = YES;
				CLANG_ENABLE_OBJC_ARC = YES;
				CLANG_ENABLE_OBJC_WEAK = YES;
				CLANG_WARN_BLOCK_CAPTURE_AUTORELEASING = YES;
				CLANG_WARN_BOOL_CONVERSION = YES;
				CLANG_WARN_COMMA = YES;
				CLANG_WARN_CONSTANT_CONVERSION = YES;
				CLANG_WARN_DEPRECATED_OBJC_IMPLEMENTATIONS = YES;
				CLANG_WARN_DIRECT_OBJC_ISA_USAGE = YES_ERROR;
				CLANG_WARN_DOCUMENTATION_COMMENTS = YES;
				CLANG_WARN_EMPTY_BODY = YES;
				CLANG_WARN_ENUM_CONVERSION = YES;
				CLANG_WARN_INFINITE_RECURSION = YES;
				CLANG_WARN_INT_CONVERSION = YES;
				CLANG_WARN_NON_LITERAL_NULL_CONVERSION = YES;
				CLANG_WARN_OBJC_IMPLICIT_RETAIN_SELF = YES;
				CLANG_WARN_OBJC_LITERAL_CONVERSION = YES;
				CLANG_WARN_OBJC_ROOT_CLASS = YES_ERROR;
				CLANG_WARN_QUOTED_INCLUDE_IN_FRAMEWORK_HEADER = YES;
				CLANG_WARN_RANGE_LOOP_ANALYSIS = YES;
				CLANG_WARN_STRICT_PROTOTYPES = YES;
				CLANG_WARN_SUSPICIOUS_MOVE = YES;
				CLANG_WARN_UNGUARDED_AVAILABILITY = YES_AGGRESSIVE;
				CLANG_WARN_UNREACHABLE_CODE = YES;
				CLANG_WARN__DUPLICATE_METHOD_MATCH = YES;
				COPY_PHASE_STRIP = NO;
				DEBUG_INFORMATION_FORMAT = "dwarf-with-dsym";
				ENABLE_NS_ASSERTIONS = NO;
				ENABLE_STRICT_OBJC_MSGSEND = YES;
				ENABLE_USER_SCRIPT_SANDBOXING = YES;
				GCC_C_LANGUAGE_STANDARD = gnu17;
				GCC_NO_COMMON_BLOCKS = YES;
				GCC_WARN_64_TO_32_BIT_CONVERSION = YES;
				GCC_WARN_ABOUT_RETURN_TYPE = YES_ERROR;
				GCC_WARN_UNDECLARED_SELECTOR = YES;
				GCC_WARN_UNINITIALIZED_AUTOS = YES_AGGRESSIVE;
				GCC_WARN_UNUSED_FUNCTION = YES;
				GCC_WARN_UNUSED_VARIABLE = YES;
				IPHONEOS_DEPLOYMENT_TARGET = 18.0;
				LOCALIZATION_PREFERS_STRING_CATALOGS = YES;
				MTL_ENABLE_DEBUG_INFO = NO;
				MTL_FAST_MATH = YES;
				SDKROOT = iphoneos;
				SWIFT_COMPILATION_MODE = wholemodule;
				VALIDATE_PRODUCT = YES;
			};
			name = Release;
		};
		B03D04042D9D3B88009672CA /* Debug */ = {
			isa = XCBuildConfiguration;
			buildSettings = {
				ASSETCATALOG_COMPILER_APPICON_NAME = AppIcon;
				ASSETCATALOG_COMPILER_GLOBAL_ACCENT_COLOR_NAME = AccentColor;
				CODE_SIGN_STYLE = Automatic;
				CURRENT_PROJECT_VERSION = 1;
				DEVELOPMENT_ASSET_PATHS = "\"Streifeneder-draft/Preview Content\"";
				DEVELOPMENT_TEAM = 574RRH85G7;
				ENABLE_PREVIEWS = YES;
				GENERATE_INFOPLIST_FILE = YES;
				INFOPLIST_KEY_UIApplicationSceneManifest_Generation = YES;
				INFOPLIST_KEY_UIApplicationSupportsIndirectInputEvents = YES;
				INFOPLIST_KEY_UILaunchScreen_Generation = YES;
				INFOPLIST_KEY_UISupportedInterfaceOrientations_iPad = "UIInterfaceOrientationPortrait UIInterfaceOrientationPortraitUpsideDown UIInterfaceOrientationLandscapeLeft UIInterfaceOrientationLandscapeRight";
				INFOPLIST_KEY_UISupportedInterfaceOrientations_iPhone = "UIInterfaceOrientationPortrait UIInterfaceOrientationLandscapeLeft UIInterfaceOrientationLandscapeRight";
				LD_RUNPATH_SEARCH_PATHS = (
					"$(inherited)",
					"@executable_path/Frameworks",
				);
				MARKETING_VERSION = 1.0;
				PRODUCT_BUNDLE_IDENTIFIER = "com.myorganization.Streifeneder-draft";
				PRODUCT_NAME = "$(TARGET_NAME)";
				SWIFT_EMIT_LOC_STRINGS = YES;
				SWIFT_VERSION = 5.0;
				TARGETED_DEVICE_FAMILY = "1,2";
			};
			name = Debug;
		};
		B03D04052D9D3B88009672CA /* Release */ = {
			isa = XCBuildConfiguration;
			buildSettings = {
				ASSETCATALOG_COMPILER_APPICON_NAME = AppIcon;
				ASSETCATALOG_COMPILER_GLOBAL_ACCENT_COLOR_NAME = AccentColor;
				CODE_SIGN_STYLE = Automatic;
				CURRENT_PROJECT_VERSION = 1;
				DEVELOPMENT_ASSET_PATHS = "\"Streifeneder-draft/Preview Content\"";
				DEVELOPMENT_TEAM = 574RRH85G7;
				ENABLE_PREVIEWS = YES;
				GENERATE_INFOPLIST_FILE = YES;
				INFOPLIST_KEY_UIApplicationSceneManifest_Generation = YES;
				INFOPLIST_KEY_UIApplicationSupportsIndirectInputEvents = YES;
				INFOPLIST_KEY_UILaunchScreen_Generation = YES;
				INFOPLIST_KEY_UISupportedInterfaceOrientations_iPad = "UIInterfaceOrientationPortrait UIInterfaceOrientationPortraitUpsideDown UIInterfaceOrientationLandscapeLeft UIInterfaceOrientationLandscapeRight";
				INFOPLIST_KEY_UISupportedInterfaceOrientations_iPhone = "UIInterfaceOrientationPortrait UIInterfaceOrientationLandscapeLeft UIInterfaceOrientationLandscapeRight";
				LD_RUNPATH_SEARCH_PATHS = (
					"$(inherited)",
					"@executable_path/Frameworks",
				);
				MARKETING_VERSION = 1.0;
				PRODUCT_BUNDLE_IDENTIFIER = "com.myorganization.Streifeneder-draft";
				PRODUCT_NAME = "$(TARGET_NAME)";
				SWIFT_EMIT_LOC_STRINGS = YES;
				SWIFT_VERSION = 5.0;
				TARGETED_DEVICE_FAMILY = "1,2";
			};
			name = Release;
		};
		B03D04072D9D3B88009672CA /* Debug */ = {
			isa = XCBuildConfiguration;
			buildSettings = {
				BUNDLE_LOADER = "$(TEST_HOST)";
				CODE_SIGN_STYLE = Automatic;
				CURRENT_PROJECT_VERSION = 1;
				DEVELOPMENT_TEAM = 574RRH85G7;
				GENERATE_INFOPLIST_FILE = YES;
				IPHONEOS_DEPLOYMENT_TARGET = 18.0;
				MARKETING_VERSION = 1.0;
				PRODUCT_BUNDLE_IDENTIFIER = "com.myorganization.Streifeneder-draftTests";
				PRODUCT_NAME = "$(TARGET_NAME)";
				SWIFT_EMIT_LOC_STRINGS = NO;
				SWIFT_VERSION = 5.0;
				TARGETED_DEVICE_FAMILY = "1,2";
				TEST_HOST = "$(BUILT_PRODUCTS_DIR)/Streifeneder-draft.app/$(BUNDLE_EXECUTABLE_FOLDER_PATH)/Streifeneder-draft";
			};
			name = Debug;
		};
		B03D04082D9D3B88009672CA /* Release */ = {
			isa = XCBuildConfiguration;
			buildSettings = {
				BUNDLE_LOADER = "$(TEST_HOST)";
				CODE_SIGN_STYLE = Automatic;
				CURRENT_PROJECT_VERSION = 1;
				DEVELOPMENT_TEAM = 574RRH85G7;
				GENERATE_INFOPLIST_FILE = YES;
				IPHONEOS_DEPLOYMENT_TARGET = 18.0;
				MARKETING_VERSION = 1.0;
				PRODUCT_BUNDLE_IDENTIFIER = "com.myorganization.Streifeneder-draftTests";
				PRODUCT_NAME = "$(TARGET_NAME)";
				SWIFT_EMIT_LOC_STRINGS = NO;
				SWIFT_VERSION = 5.0;
				TARGETED_DEVICE_FAMILY = "1,2";
				TEST_HOST = "$(BUILT_PRODUCTS_DIR)/Streifeneder-draft.app/$(BUNDLE_EXECUTABLE_FOLDER_PATH)/Streifeneder-draft";
			};
			name = Release;
		};
		B03D040A2D9D3B88009672CA /* Debug */ = {
			isa = XCBuildConfiguration;
			buildSettings = {
				CODE_SIGN_STYLE = Automatic;
				CURRENT_PROJECT_VERSION = 1;
				DEVELOPMENT_TEAM = 574RRH85G7;
				GENERATE_INFOPLIST_FILE = YES;
				MARKETING_VERSION = 1.0;
				PRODUCT_BUNDLE_IDENTIFIER = "com.myorganization.Streifeneder-draftUITests";
				PRODUCT_NAME = "$(TARGET_NAME)";
				SWIFT_EMIT_LOC_STRINGS = NO;
				SWIFT_VERSION = 5.0;
				TARGETED_DEVICE_FAMILY = "1,2";
				TEST_TARGET_NAME = "Streifeneder-draft";
			};
			name = Debug;
		};
		B03D040B2D9D3B88009672CA /* Release */ = {
			isa = XCBuildConfiguration;
			buildSettings = {
				CODE_SIGN_STYLE = Automatic;
				CURRENT_PROJECT_VERSION = 1;
				DEVELOPMENT_TEAM = 574RRH85G7;
				GENERATE_INFOPLIST_FILE = YES;
				MARKETING_VERSION = 1.0;
				PRODUCT_BUNDLE_IDENTIFIER = "com.myorganization.Streifeneder-draftUITests";
				PRODUCT_NAME = "$(TARGET_NAME)";
				SWIFT_EMIT_LOC_STRINGS = NO;
				SWIFT_VERSION = 5.0;
				TARGETED_DEVICE_FAMILY = "1,2";
				TEST_TARGET_NAME = "Streifeneder-draft";
			};
			name = Release;
		};
/* End XCBuildConfiguration section */

/* Begin XCConfigurationList section */
		B03D03DA2D9D3B87009672CA /* Build configuration list for PBXProject "Streifeneder-draft" */ = {
			isa = XCConfigurationList;
			buildConfigurations = (
				B03D04012D9D3B88009672CA /* Debug */,
				B03D04022D9D3B88009672CA /* Release */,
			);
			defaultConfigurationIsVisible = 0;
			defaultConfigurationName = Release;
		};
		B03D04032D9D3B88009672CA /* Build configuration list for PBXNativeTarget "Streifeneder-draft" */ = {
			isa = XCConfigurationList;
			buildConfigurations = (
				B03D04042D9D3B88009672CA /* Debug */,
				B03D04052D9D3B88009672CA /* Release */,
			);
			defaultConfigurationIsVisible = 0;
			defaultConfigurationName = Release;
		};
		B03D04062D9D3B88009672CA /* Build configuration list for PBXNativeTarget "Streifeneder-draftTests" */ = {
			isa = XCConfigurationList;
			buildConfigurations = (
				B03D04072D9D3B88009672CA /* Debug */,
				B03D04082D9D3B88009672CA /* Release */,
			);
			defaultConfigurationIsVisible = 0;
			defaultConfigurationName = Release;
		};
		B03D04092D9D3B88009672CA /* Build configuration list for PBXNativeTarget "Streifeneder-draftUITests" */ = {
			isa = XCConfigurationList;
			buildConfigurations = (
				B03D040A2D9D3B88009672CA /* Debug */,
				B03D040B2D9D3B88009672CA /* Release */,
			);
			defaultConfigurationIsVisible = 0;
			defaultConfigurationName = Release;
		};
/* End XCConfigurationList section */
	};
	rootObject = B03D03D72D9D3B87009672CA /* Project object */;
}
